Microsoft Visual Studio Solution File, Format Version 11.00
# Visual Studio 2008

Project("{D63CCE7A-15EF-F17A-A2C6-DB09823E6E3E}") = "Tower Defense", "Assembly-CSharp.csproj", "{689D9C60-2577-4B28-C05E-EFF5B7059F6B}"
EndProject
Global
	GlobalSection(SolutionConfigurationPlatforms) = preSolution
		Debug|Any CPU = Debug|Any CPU
		Release|Any CPU = Release|Any CPU
	EndGlobalSection
	GlobalSection(ProjectConfigurationPlatforms) = postSolution
		{689D9C60-2577-4B28-C05E-EFF5B7059F6B}.Debug|Any CPU.ActiveCfg = Debug|Any CPU
		{689D9C60-2577-4B28-C05E-EFF5B7059F6B}.Debug|Any CPU.Build.0 = Debug|Any CPU
		{689D9C60-2577-4B28-C05E-EFF5B7059F6B}.Release|Any CPU.ActiveCfg = Release|Any CPU
		{689D9C60-2577-4B28-C05E-EFF5B7059F6B}.Release|Any CPU.Build.0 = Release|Any CPU
	EndGlobalSection
	GlobalSection(SolutionProperties) = preSolution
		HideSolutionNode = FALSE
	EndGlobalSection
	GlobalSection(MonoDevelopProperties) = preSolution
		StartupItem = Assembly-CSharp.csproj
	EndGlobalSection
EndGlobal
